
Microsoft Visual Studio Solution File, Format Version 12.00
# Visual Studio Version 18
VisualStudioVersion = 18.4.11626.88
MinimumVisualStudioVersion = 10.0.40219.1
Project("{2150E333-8FDC-42A3-9474-1A3956D46DE8}") = "MyApi", "MyApi", "{B263CB9F-3291-482A-A30C-740B3AAE352A}"
EndProject
Project("{2150E333-8FDC-42A3-9474-1A3956D46DE8}") = "src", "src", "{7AE1B0AA-CC1A-4422-8D5E-0AA6FF14B7F2}"
EndProject
Project("{2150E333-8FDC-42A3-9474-1A3956D46DE8}") = "1-Presentation", "1-Presentation", "{63D419BE-B93B-4CF2-8505-F36B394C3B95}"
EndProject
Project("{FAE04EC0-301F-11D3-BF4B-00C04F79EFBC}") = "FCG.API", "MyApi\src\1-Presentation\API\FCG.API.csproj", "{CA3FE0DF-ED8A-4788-9F0C-03E19940BE67}"
EndProject
Project("{2150E333-8FDC-42A3-9474-1A3956D46DE8}") = "2-Application", "2-Application", "{772AFBFE-81E3-4FBB-B1ED-0B05A1F24034}"
EndProject
Project("{FAE04EC0-301F-11D3-BF4B-00C04F79EFBC}") = "FCG.Application", "MyApi\src\2-Application\Application\FCG.Application.csproj", "{6A7CDA35-34D8-414B-BCAE-7DCA506DBAF6}"
EndProject
Project("{2150E333-8FDC-42A3-9474-1A3956D46DE8}") = "3-Domain", "3-Domain", "{963593F3-BEF3-404F-930A-61FCEE5FF6A7}"
EndProject
Project("{FAE04EC0-301F-11D3-BF4B-00C04F79EFBC}") = "FCG.Domain", "MyApi\src\3-Domain\Domain\FCG.Domain.csproj", "{3689AFE0-31BD-4354-91C4-53AF287C3B26}"
EndProject
Project("{2150E333-8FDC-42A3-9474-1A3956D46DE8}") = "4-Infrastructure", "4-Infrastructure", "{E700A360-6CFF-46C9-BE98-09214A4BA412}"
EndProject
Project("{FAE04EC0-301F-11D3-BF4B-00C04F79EFBC}") = "FCG.Infrastructure", "MyApi\src\4-Infrastructure\Infrastructure\FCG.Infrastructure.csproj", "{DDD851FC-386D-43EA-B908-C5F911A17F4C}"
EndProject
Project("{FAE04EC0-301F-11D3-BF4B-00C04F79EFBC}") = "IoC", "MyApi\src\4-Infrastructure\IoC\IoC.csproj", "{78F37BB3-8935-491C-B7A1-5F4A59D8C7E8}"
EndProject
Project("{2150E333-8FDC-42A3-9474-1A3956D46DE8}") = "tests", "tests", "{AF329F31-AACE-A494-0724-D27769A338AB}"
EndProject
Project("{FAE04EC0-301F-11D3-BF4B-00C04F79EFBC}") = "FCG.Tests.UnitTestes", "MyApi\tests\FCG.Tests\FCG.Tests.UnitTestes.csproj", "{6CFCD1B4-72BA-4893-95F8-478DA61EF2C2}"
EndProject
Project("{2150E333-8FDC-42A3-9474-1A3956D46DE8}") = "Application", "Application", "{1D791C4B-338A-0EA1-4D7A-A1DB7943A837}"
EndProject
Project("{2150E333-8FDC-42A3-9474-1A3956D46DE8}") = "Domain", "Domain", "{DF42471F-6F22-0736-615E-70FCA72187C2}"
EndProject
Project("{FAE04EC0-301F-11D3-BF4B-00C04F79EFBC}") = "FCG.Tests.TDD", "MyApi\tests\FCG.Tests.TDD\FCG.Tests.TDD.csproj", "{28CF3822-409D-47E6-AFEF-97581D7DE1D5}"
EndProject
Project("{2150E333-8FDC-42A3-9474-1A3956D46DE8}") = "API", "API", "{63E8FE83-2E3E-AF84-E9D9-44B1289B5987}"
EndProject
Global
	GlobalSection(SolutionConfigurationPlatforms) = preSolution
		Debug|Any CPU = Debug|Any CPU
		Debug|x64 = Debug|x64
		Debug|x86 = Debug|x86
		Release|Any CPU = Release|Any CPU
		Release|x64 = Release|x64
		Release|x86 = Release|x86
	EndGlobalSection
	GlobalSection(ProjectConfigurationPlatforms) = postSolution
		{CA3FE0DF-ED8A-4788-9F0C-03E19940BE67}.Debug|Any CPU.ActiveCfg = Debug|Any CPU
		{CA3FE0DF-ED8A-4788-9F0C-03E19940BE67}.Debug|Any CPU.Build.0 = Debug|Any CPU
		{CA3FE0DF-ED8A-4788-9F0C-03E19940BE67}.Debug|x64.ActiveCfg = Debug|Any CPU
		{CA3FE0DF-ED8A-4788-9F0C-03E19940BE67}.Debug|x64.Build.0 = Debug|Any CPU
		{CA3FE0DF-ED8A-4788-9F0C-03E19940BE67}.Debug|x86.ActiveCfg = Debug|Any CPU
		{CA3FE0DF-ED8A-4788-9F0C-03E19940BE67}.Debug|x86.Build.0 = Debug|Any CPU
		{CA3FE0DF-ED8A-4788-9F0C-03E19940BE67}.Release|Any CPU.ActiveCfg = Release|Any CPU
		{CA3FE0DF-ED8A-4788-9F0C-03E19940BE67}.Release|Any CPU.Build.0 = Release|Any CPU
		{CA3FE0DF-ED8A-4788-9F0C-03E19940BE67}.Release|x64.ActiveCfg = Release|Any CPU
		{CA3FE0DF-ED8A-4788-9F0C-03E19940BE67}.Release|x64.Build.0 = Release|Any CPU
		{CA3FE0DF-ED8A-4788-9F0C-03E19940BE67}.Release|x86.ActiveCfg = Release|Any CPU
		{CA3FE0DF-ED8A-4788-9F0C-03E19940BE67}.Release|x86.Build.0 = Release|Any CPU
		{6A7CDA35-34D8-414B-BCAE-7DCA506DBAF6}.Debug|Any CPU.ActiveCfg = Debug|Any CPU
		{6A7CDA35-34D8-414B-BCAE-7DCA506DBAF6}.Debug|Any CPU.Build.0 = Debug|Any CPU
		{6A7CDA35-34D8-414B-BCAE-7DCA506DBAF6}.Debug|x64.ActiveCfg = Debug|Any CPU
		{6A7CDA35-34D8-414B-BCAE-7DCA506DBAF6}.Debug|x64.Build.0 = Debug|Any CPU
		{6A7CDA35-34D8-414B-BCAE-7DCA506DBAF6}.Debug|x86.ActiveCfg = Debug|Any CPU
		{6A7CDA35-34D8-414B-BCAE-7DCA506DBAF6}.Debug|x86.Build.0 = Debug|Any CPU
		{6A7CDA35-34D8-414B-BCAE-7DCA506DBAF6}.Release|Any CPU.ActiveCfg = Release|Any CPU
		{6A7CDA35-34D8-414B-BCAE-7DCA506DBAF6}.Release|Any CPU.Build.0 = Release|Any CPU
		{6A7CDA35-34D8-414B-BCAE-7DCA506DBAF6}.Release|x64.ActiveCfg = Release|Any CPU
		{6A7CDA35-34D8-414B-BCAE-7DCA506DBAF6}.Release|x64.Build.0 = Release|Any CPU
		{6A7CDA35-34D8-414B-BCAE-7DCA506DBAF6}.Release|x86.ActiveCfg = Release|Any CPU
		{6A7CDA35-34D8-414B-BCAE-7DCA506DBAF6}.Release|x86.Build.0 = Release|Any CPU
		{3689AFE0-31BD-4354-91C4-53AF287C3B26}.Debug|Any CPU.ActiveCfg = Debug|Any CPU
		{3689AFE0-31BD-4354-91C4-53AF287C3B26}.Debug|Any CPU.Build.0 = Debug|Any CPU
		{3689AFE0-31BD-4354-91C4-53AF287C3B26}.Debug|x64.ActiveCfg = Debug|Any CPU
		{3689AFE0-31BD-4354-91C4-53AF287C3B26}.Debug|x64.Build.0 = Debug|Any CPU
		{3689AFE0-31BD-4354-91C4-53AF287C3B26}.Debug|x86.ActiveCfg = Debug|Any CPU
		{3689AFE0-31BD-4354-91C4-53AF287C3B26}.Debug|x86.Build.0 = Debug|Any CPU
		{3689AFE0-31BD-4354-91C4-53AF287C3B26}.Release|Any CPU.ActiveCfg = Release|Any CPU
		{3689AFE0-31BD-4354-91C4-53AF287C3B26}.Release|Any CPU.Build.0 = Release|Any CPU
		{3689AFE0-31BD-4354-91C4-53AF287C3B26}.Release|x64.ActiveCfg = Release|Any CPU
		{3689AFE0-31BD-4354-91C4-53AF287C3B26}.Release|x64.Build.0 = Release|Any CPU
		{3689AFE0-31BD-4354-91C4-53AF287C3B26}.Release|x86.ActiveCfg = Release|Any CPU
		{3689AFE0-31BD-4354-91C4-53AF287C3B26}.Release|x86.Build.0 = Release|Any CPU
		{DDD851FC-386D-43EA-B908-C5F911A17F4C}.Debug|Any CPU.ActiveCfg = Debug|Any CPU
		{DDD851FC-386D-43EA-B908-C5F911A17F4C}.Debug|Any CPU.Build.0 = Debug|Any CPU
		{DDD851FC-386D-43EA-B908-C5F911A17F4C}.Debug|x64.ActiveCfg = Debug|Any CPU
		{DDD851FC-386D-43EA-B908-C5F911A17F4C}.Debug|x64.Build.0 = Debug|Any CPU
		{DDD851FC-386D-43EA-B908-C5F911A17F4C}.Debug|x86.ActiveCfg = Debug|Any CPU
		{DDD851FC-386D-43EA-B908-C5F911A17F4C}.Debug|x86.Build.0 = Debug|Any CPU
		{DDD851FC-386D-43EA-B908-C5F911A17F4C}.Release|Any CPU.ActiveCfg = Release|Any CPU
		{DDD851FC-386D-43EA-B908-C5F911A17F4C}.Release|Any CPU.Build.0 = Release|Any CPU
		{DDD851FC-386D-43EA-B908-C5F911A17F4C}.Release|x64.ActiveCfg = Release|Any CPU
		{DDD851FC-386D-43EA-B908-C5F911A17F4C}.Release|x64.Build.0 = Release|Any CPU
		{DDD851FC-386D-43EA-B908-C5F911A17F4C}.Release|x86.ActiveCfg = Release|Any CPU
		{DDD851FC-386D-43EA-B908-C5F911A17F4C}.Release|x86.Build.0 = Release|Any CPU
		{78F37BB3-8935-491C-B7A1-5F4A59D8C7E8}.Debug|Any CPU.ActiveCfg = Debug|Any CPU
		{78F37BB3-8935-491C-B7A1-5F4A59D8C7E8}.Debug|Any CPU.Build.0 = Debug|Any CPU
		{78F37BB3-8935-491C-B7A1-5F4A59D8C7E8}.Debug|x64.ActiveCfg = Debug|Any CPU
		{78F37BB3-8935-491C-B7A1-5F4A59D8C7E8}.Debug|x64.Build.0 = Debug|Any CPU
		{78F37BB3-8935-491C-B7A1-5F4A59D8C7E8}.Debug|x86.ActiveCfg = Debug|Any CPU
		{78F37BB3-8935-491C-B7A1-5F4A59D8C7E8}.Debug|x86.Build.0 = Debug|Any CPU
		{78F37BB3-8935-491C-B7A1-5F4A59D8C7E8}.Release|Any CPU.ActiveCfg = Release|Any CPU
		{78F37BB3-8935-491C-B7A1-5F4A59D8C7E8}.Release|Any CPU.Build.0 = Release|Any CPU
		{78F37BB3-8935-491C-B7A1-5F4A59D8C7E8}.Release|x64.ActiveCfg = Release|Any CPU
		{78F37BB3-8935-491C-B7A1-5F4A59D8C7E8}.Release|x64.Build.0 = Release|Any CPU
		{78F37BB3-8935-491C-B7A1-5F4A59D8C7E8}.Release|x86.ActiveCfg = Release|Any CPU
		{78F37BB3-8935-491C-B7A1-5F4A59D8C7E8}.Release|x86.Build.0 = Release|Any CPU
		{6CFCD1B4-72BA-4893-95F8-478DA61EF2C2}.Debug|Any CPU.ActiveCfg = Debug|Any CPU
		{6CFCD1B4-72BA-4893-95F8-478DA61EF2C2}.Debug|Any CPU.Build.0 = Debug|Any CPU
		{6CFCD1B4-72BA-4893-95F8-478DA61EF2C2}.Debug|x64.ActiveCfg = Debug|Any CPU
		{6CFCD1B4-72BA-4893-95F8-478DA61EF2C2}.Debug|x64.Build.0 = Debug|Any CPU
		{6CFCD1B4-72BA-4893-95F8-478DA61EF2C2}.Debug|x86.ActiveCfg = Debug|Any CPU
		{6CFCD1B4-72BA-4893-95F8-478DA61EF2C2}.Debug|x86.Build.0 = Debug|Any CPU
		{6CFCD1B4-72BA-4893-95F8-478DA61EF2C2}.Release|Any CPU.ActiveCfg = Release|Any CPU
		{6CFCD1B4-72BA-4893-95F8-478DA61EF2C2}.Release|Any CPU.Build.0 = Release|Any CPU
		{6CFCD1B4-72BA-4893-95F8-478DA61EF2C2}.Release|x64.ActiveCfg = Release|Any CPU
		{6CFCD1B4-72BA-4893-95F8-478DA61EF2C2}.Release|x64.Build.0 = Release|Any CPU
		{6CFCD1B4-72BA-4893-95F8-478DA61EF2C2}.Release|x86.ActiveCfg = Release|Any CPU
		{6CFCD1B4-72BA-4893-95F8-478DA61EF2C2}.Release|x86.Build.0 = Release|Any CPU
		{28CF3822-409D-47E6-AFEF-97581D7DE1D5}.Debug|Any CPU.ActiveCfg = Debug|Any CPU
		{28CF3822-409D-47E6-AFEF-97581D7DE1D5}.Debug|Any CPU.Build.0 = Debug|Any CPU
		{28CF3822-409D-47E6-AFEF-97581D7DE1D5}.Debug|x64.ActiveCfg = Debug|Any CPU
		{28CF3822-409D-47E6-AFEF-97581D7DE1D5}.Debug|x64.Build.0 = Debug|Any CPU
		{28CF3822-409D-47E6-AFEF-97581D7DE1D5}.Debug|x86.ActiveCfg = Debug|Any CPU
		{28CF3822-409D-47E6-AFEF-97581D7DE1D5}.Debug|x86.Build.0 = Debug|Any CPU
		{28CF3822-409D-47E6-AFEF-97581D7DE1D5}.Release|Any CPU.ActiveCfg = Release|Any CPU
		{28CF3822-409D-47E6-AFEF-97581D7DE1D5}.Release|Any CPU.Build.0 = Release|Any CPU
		{28CF3822-409D-47E6-AFEF-97581D7DE1D5}.Release|x64.ActiveCfg = Release|Any CPU
		{28CF3822-409D-47E6-AFEF-97581D7DE1D5}.Release|x64.Build.0 = Release|Any CPU
		{28CF3822-409D-47E6-AFEF-97581D7DE1D5}.Release|x86.ActiveCfg = Release|Any CPU
		{28CF3822-409D-47E6-AFEF-97581D7DE1D5}.Release|x86.Build.0 = Release|Any CPU
	EndGlobalSection
	GlobalSection(SolutionProperties) = preSolution
		HideSolutionNode = FALSE
	EndGlobalSection
	GlobalSection(NestedProjects) = preSolution
		{7AE1B0AA-CC1A-4422-8D5E-0AA6FF14B7F2} = {B263CB9F-3291-482A-A30C-740B3AAE352A}
		{63D419BE-B93B-4CF2-8505-F36B394C3B95} = {7AE1B0AA-CC1A-4422-8D5E-0AA6FF14B7F2}
		{CA3FE0DF-ED8A-4788-9F0C-03E19940BE67} = {63D419BE-B93B-4CF2-8505-F36B394C3B95}
		{772AFBFE-81E3-4FBB-B1ED-0B05A1F24034} = {7AE1B0AA-CC1A-4422-8D5E-0AA6FF14B7F2}
		{6A7CDA35-34D8-414B-BCAE-7DCA506DBAF6} = {772AFBFE-81E3-4FBB-B1ED-0B05A1F24034}
		{963593F3-BEF3-404F-930A-61FCEE5FF6A7} = {7AE1B0AA-CC1A-4422-8D5E-0AA6FF14B7F2}
		{3689AFE0-31BD-4354-91C4-53AF287C3B26} = {963593F3-BEF3-404F-930A-61FCEE5FF6A7}
		{E700A360-6CFF-46C9-BE98-09214A4BA412} = {7AE1B0AA-CC1A-4422-8D5E-0AA6FF14B7F2}
		{DDD851FC-386D-43EA-B908-C5F911A17F4C} = {E700A360-6CFF-46C9-BE98-09214A4BA412}
		{78F37BB3-8935-491C-B7A1-5F4A59D8C7E8} = {E700A360-6CFF-46C9-BE98-09214A4BA412}
		{AF329F31-AACE-A494-0724-D27769A338AB} = {B263CB9F-3291-482A-A30C-740B3AAE352A}
		{6CFCD1B4-72BA-4893-95F8-478DA61EF2C2} = {AF329F31-AACE-A494-0724-D27769A338AB}
		{1D791C4B-338A-0EA1-4D7A-A1DB7943A837} = {772AFBFE-81E3-4FBB-B1ED-0B05A1F24034}
		{DF42471F-6F22-0736-615E-70FCA72187C2} = {963593F3-BEF3-404F-930A-61FCEE5FF6A7}
		{28CF3822-409D-47E6-AFEF-97581D7DE1D5} = {AF329F31-AACE-A494-0724-D27769A338AB}
		{63E8FE83-2E3E-AF84-E9D9-44B1289B5987} = {63D419BE-B93B-4CF2-8505-F36B394C3B95}
	EndGlobalSection
EndGlobal
